
Microsoft Visual Studio Solution File, Format Version 12.00
# Visual Studio Version 16
VisualStudioVersion = 16.0.30114.105
MinimumVisualStudioVersion = 10.0.40219.1
Project("{FAE04EC0-301F-11D3-BF4B-00C04F79EFBC}") = "PompServer", "PompServer\PompServer.csproj", "{EC21A45E-F5A6-41D5-8ACB-1F89DA8AAC5B}"
EndProject
Project("{FAE04EC0-301F-11D3-BF4B-00C04F79EFBC}") = "PompServer.Test", "PompServer.Test\PompServer.Test.csproj", "{1A63A166-6609-4070-AC09-10B70AA11601}"
EndProject
Global
	GlobalSection(SolutionConfigurationPlatforms) = preSolution
		Debug|Any CPU = Debug|Any CPU
		Release|Any CPU = Release|Any CPU
	EndGlobalSection
	GlobalSection(SolutionProperties) = preSolution
		HideSolutionNode = FALSE
	EndGlobalSection
	GlobalSection(ProjectConfigurationPlatforms) = postSolution
		{EC21A45E-F5A6-41D5-8ACB-1F89DA8AAC5B}.Debug|Any CPU.ActiveCfg = Debug|Any CPU
		{EC21A45E-F5A6-41D5-8ACB-1F89DA8AAC5B}.Debug|Any CPU.Build.0 = Debug|Any CPU
		{EC21A45E-F5A6-41D5-8ACB-1F89DA8AAC5B}.Release|Any CPU.ActiveCfg = Release|Any CPU
		{EC21A45E-F5A6-41D5-8ACB-1F89DA8AAC5B}.Release|Any CPU.Build.0 = Release|Any CPU
		{1A63A166-6609-4070-AC09-10B70AA11601}.Debug|Any CPU.ActiveCfg = Debug|Any CPU
		{1A63A166-6609-4070-AC09-10B70AA11601}.Debug|Any CPU.Build.0 = Debug|Any CPU
		{1A63A166-6609-4070-AC09-10B70AA11601}.Release|Any CPU.ActiveCfg = Release|Any CPU
		{1A63A166-6609-4070-AC09-10B70AA11601}.Release|Any CPU.Build.0 = Release|Any CPU
	EndGlobalSection
EndGlobal
